# THIS IS AN AUTOGENERATED FILE. DO NOT EDIT THIS FILE DIRECTLY.
# yarn lockfile v1


isnumber@~1.0.0:
  version "1.0.0"
  resolved "https://registry.yarnpkg.com/isnumber/-/isnumber-1.0.0.tgz#0e3f9759b581d99dd85086f0ec2a74909cfadd01"

stats-lite@^2.1.0:
  version "2.1.0"
  resolved "https://registry.yarnpkg.com/stats-lite/-/stats-lite-2.1.0.tgz#476854fdb88d035c49bcbbff704c8d85ee84b1ba"
  dependencies:
    isnumber "~1.0.0"
